{
  "name": "function_arguments",
  "version": "0.0.0",
  "lockfileVersion": 2,
  "requires": true,
  "packages": {
    "": {
      "name": "function_arguments",
      "version": "0.0.0",
      "dependencies": {
        "bindings": "~1.2.1",
        "nopt": "^7.0.0"
      }
    },
    "node_modules/abbrev": {
      "version": "2.0.0",
      "resolved": "https://registry.npmjs.org/abbrev/-/abbrev-2.0.0.tgz",
      "integrity": "sha512-6/mh1E2u2YgEsCHdY0Yx5oW+61gZU+1vXaoiHHrpKeuRNNgFvS+/jrwHiQhB5apAf5oB7UB7E19ol2R2LKH8hQ==",
      "engines": {
        "node": "^14.17.0 || ^16.13.0 || >=18.0.0"
      }
    },
    "node_modules/bindings": {
      "version": "1.2.1",
      "resolved": "https://registry.npmjs.org/bindings/-/bindings-1.2.1.tgz",
      "integrity": "sha512-u4cBQNepWxYA55FunZSM7wMi55yQaN0otnhhilNoWHq0MfOfJeQx0v0mRRpolGOExPjZcl6FtB0BB8Xkb88F0g=="
    },
    "node_modules/nopt": {
      "version": "7.0.0",
      "resolved": "https://registry.npmjs.org/nopt/-/nopt-7.0.0.tgz",
      "integrity": "sha512-e6Qw1rcrGoSxEH0hQ4GBSdUjkMOtXGhGFXdNT/3ZR0S37eR9DMj5za3dEDWE6o1T3/DP8ZOsPP4MIiky0c3QeA==",
      "dependencies": {
        "abbrev": "^2.0.0"
      },
      "bin": {
        "nopt": "bin/nopt.js"
      },
      "engines": {
        "node": "^14.17.0 || ^16.13.0 || >=18.0.0"
      }
    }
  },
  "dependencies": {
    "abbrev": {
      "version": "2.0.0",
      "resolved": "https://registry.npmjs.org/abbrev/-/abbrev-2.0.0.tgz",
      "integrity": "sha512-6/mh1E2u2YgEsCHdY0Yx5oW+61gZU+1vXaoiHHrpKeuRNNgFvS+/jrwHiQhB5apAf5oB7UB7E19ol2R2LKH8hQ=="
    },
    "bindings": {
      "version": "1.2.1",
      "resolved": "https://registry.npmjs.org/bindings/-/bindings-1.2.1.tgz",
      "integrity": "sha512-u4cBQNepWxYA55FunZSM7wMi55yQaN0otnhhilNoWHq0MfOfJeQx0v0mRRpolGOExPjZcl6FtB0BB8Xkb88F0g=="
    },
    "nopt": {
      "version": "7.0.0",
      "resolved": "https://registry.npmjs.org/nopt/-/nopt-7.0.0.tgz",
      "integrity": "sha512-e6Qw1rcrGoSxEH0hQ4GBSdUjkMOtXGhGFXdNT/3ZR0S37eR9DMj5za3dEDWE6o1T3/DP8ZOsPP4MIiky0c3QeA==",
      "requires": {
        "abbrev": "^2.0.0"
      }
    }
  }
}
